
Microsoft Visual Studio Solution File, Format Version 12.00
# Visual Studio Version 17
VisualStudioVersion = 17.4.33122.133
MinimumVisualStudioVersion = 10.0.40219.1
Project("{FAE04EC0-301F-11D3-BF4B-00C04F79EFBC}") = "NumberToMonth", "NumberToMonth\NumberToMonth.csproj", "{699FFF05-A335-4EE6-B25D-6D391B90D729}"
EndProject
Global
	GlobalSection(SolutionConfigurationPlatforms) = preSolution
		Debug|Any CPU = Debug|Any CPU
		Release|Any CPU = Release|Any CPU
	EndGlobalSection
	GlobalSection(ProjectConfigurationPlatforms) = postSolution
		{699FFF05-A335-4EE6-B25D-6D391B90D729}.Debug|Any CPU.ActiveCfg = Debug|Any CPU
		{699FFF05-A335-4EE6-B25D-6D391B90D729}.Debug|Any CPU.Build.0 = Debug|Any CPU
		{699FFF05-A335-4EE6-B25D-6D391B90D729}.Release|Any CPU.ActiveCfg = Release|Any CPU
		{699FFF05-A335-4EE6-B25D-6D391B90D729}.Release|Any CPU.Build.0 = Release|Any CPU
	EndGlobalSection
	GlobalSection(SolutionProperties) = preSolution
		HideSolutionNode = FALSE
	EndGlobalSection
	GlobalSection(ExtensibilityGlobals) = postSolution
		SolutionGuid = {3A9D20BB-A1B2-4EFD-8C57-3E6491DB7884}
	EndGlobalSection
EndGlobal
