
Microsoft Visual Studio Solution File, Format Version 12.00
# Visual Studio Version 17
VisualStudioVersion = 17.4.33122.133
MinimumVisualStudioVersion = 10.0.40219.1
Project("{FAE04EC0-301F-11D3-BF4B-00C04F79EFBC}") = "MouseWheel", "MouseWheel\MouseWheel.csproj", "{887701CC-E7E0-4D67-9895-F0508B301BCF}"
EndProject
Global
	GlobalSection(SolutionConfigurationPlatforms) = preSolution
		Debug|Any CPU = Debug|Any CPU
		Release|Any CPU = Release|Any CPU
	EndGlobalSection
	GlobalSection(ProjectConfigurationPlatforms) = postSolution
		{887701CC-E7E0-4D67-9895-F0508B301BCF}.Debug|Any CPU.ActiveCfg = Debug|Any CPU
		{887701CC-E7E0-4D67-9895-F0508B301BCF}.Debug|Any CPU.Build.0 = Debug|Any CPU
		{887701CC-E7E0-4D67-9895-F0508B301BCF}.Release|Any CPU.ActiveCfg = Release|Any CPU
		{887701CC-E7E0-4D67-9895-F0508B301BCF}.Release|Any CPU.Build.0 = Release|Any CPU
	EndGlobalSection
	GlobalSection(SolutionProperties) = preSolution
		HideSolutionNode = FALSE
	EndGlobalSection
	GlobalSection(ExtensibilityGlobals) = postSolution
		SolutionGuid = {2526742C-9D3B-47D1-A401-2D617813352D}
	EndGlobalSection
EndGlobal
