
Microsoft Visual Studio Solution File, Format Version 12.00
# Visual Studio Version 17
VisualStudioVersion = 17.4.33122.133
MinimumVisualStudioVersion = 10.0.40219.1
Project("{FAE04EC0-301F-11D3-BF4B-00C04F79EFBC}") = "BackgroundColorChanger", "BackgroundColorChanger\BackgroundColorChanger.csproj", "{7D517BE6-E7FA-4C75-810B-8D5386C8CBFD}"
EndProject
Global
	GlobalSection(SolutionConfigurationPlatforms) = preSolution
		Debug|Any CPU = Debug|Any CPU
		Release|Any CPU = Release|Any CPU
	EndGlobalSection
	GlobalSection(ProjectConfigurationPlatforms) = postSolution
		{7D517BE6-E7FA-4C75-810B-8D5386C8CBFD}.Debug|Any CPU.ActiveCfg = Debug|Any CPU
		{7D517BE6-E7FA-4C75-810B-8D5386C8CBFD}.Debug|Any CPU.Build.0 = Debug|Any CPU
		{7D517BE6-E7FA-4C75-810B-8D5386C8CBFD}.Release|Any CPU.ActiveCfg = Release|Any CPU
		{7D517BE6-E7FA-4C75-810B-8D5386C8CBFD}.Release|Any CPU.Build.0 = Release|Any CPU
	EndGlobalSection
	GlobalSection(SolutionProperties) = preSolution
		HideSolutionNode = FALSE
	EndGlobalSection
	GlobalSection(ExtensibilityGlobals) = postSolution
		SolutionGuid = {927AB43E-897A-432A-95ED-6D0630B3D6A1}
	EndGlobalSection
EndGlobal
