
Microsoft Visual Studio Solution File, Format Version 12.00
# Visual Studio Version 17
VisualStudioVersion = 17.4.33122.133
MinimumVisualStudioVersion = 10.0.40219.1
Project("{FAE04EC0-301F-11D3-BF4B-00C04F79EFBC}") = "WinFormsApp1", "WinFormsApp1\WinFormsApp1.csproj", "{90C65027-A8B5-45ED-9608-CEF79636377D}"
EndProject
Global
	GlobalSection(SolutionConfigurationPlatforms) = preSolution
		Debug|Any CPU = Debug|Any CPU
		Release|Any CPU = Release|Any CPU
	EndGlobalSection
	GlobalSection(ProjectConfigurationPlatforms) = postSolution
		{90C65027-A8B5-45ED-9608-CEF79636377D}.Debug|Any CPU.ActiveCfg = Debug|Any CPU
		{90C65027-A8B5-45ED-9608-CEF79636377D}.Debug|Any CPU.Build.0 = Debug|Any CPU
		{90C65027-A8B5-45ED-9608-CEF79636377D}.Release|Any CPU.ActiveCfg = Release|Any CPU
		{90C65027-A8B5-45ED-9608-CEF79636377D}.Release|Any CPU.Build.0 = Release|Any CPU
	EndGlobalSection
	GlobalSection(SolutionProperties) = preSolution
		HideSolutionNode = FALSE
	EndGlobalSection
	GlobalSection(ExtensibilityGlobals) = postSolution
		SolutionGuid = {C1442C05-FAC4-45DB-9A36-56FED9D9097C}
	EndGlobalSection
EndGlobal
