
Microsoft Visual Studio Solution File, Format Version 12.00
# Visual Studio Version 17
VisualStudioVersion = 17.4.33122.133
MinimumVisualStudioVersion = 10.0.40219.1
Project("{FAE04EC0-301F-11D3-BF4B-00C04F79EFBC}") = "ReturnScore", "ReturnScore\ReturnScore.csproj", "{01C22D7A-94ED-4C47-B464-7D976BB574D1}"
EndProject
Global
	GlobalSection(SolutionConfigurationPlatforms) = preSolution
		Debug|Any CPU = Debug|Any CPU
		Release|Any CPU = Release|Any CPU
	EndGlobalSection
	GlobalSection(ProjectConfigurationPlatforms) = postSolution
		{01C22D7A-94ED-4C47-B464-7D976BB574D1}.Debug|Any CPU.ActiveCfg = Debug|Any CPU
		{01C22D7A-94ED-4C47-B464-7D976BB574D1}.Debug|Any CPU.Build.0 = Debug|Any CPU
		{01C22D7A-94ED-4C47-B464-7D976BB574D1}.Release|Any CPU.ActiveCfg = Release|Any CPU
		{01C22D7A-94ED-4C47-B464-7D976BB574D1}.Release|Any CPU.Build.0 = Release|Any CPU
	EndGlobalSection
	GlobalSection(SolutionProperties) = preSolution
		HideSolutionNode = FALSE
	EndGlobalSection
	GlobalSection(ExtensibilityGlobals) = postSolution
		SolutionGuid = {44848D9E-A43F-4AC0-8786-93DB1A164731}
	EndGlobalSection
EndGlobal
