
Microsoft Visual Studio Solution File, Format Version 12.00
# Visual Studio Version 17
VisualStudioVersion = 17.4.33122.133
MinimumVisualStudioVersion = 10.0.40219.1
Project("{FAE04EC0-301F-11D3-BF4B-00C04F79EFBC}") = "CalculateLife", "CalculateLife\CalculateLife.csproj", "{2C18B098-6824-46B7-BF26-685C1EB5615B}"
EndProject
Global
	GlobalSection(SolutionConfigurationPlatforms) = preSolution
		Debug|Any CPU = Debug|Any CPU
		Release|Any CPU = Release|Any CPU
	EndGlobalSection
	GlobalSection(ProjectConfigurationPlatforms) = postSolution
		{2C18B098-6824-46B7-BF26-685C1EB5615B}.Debug|Any CPU.ActiveCfg = Debug|Any CPU
		{2C18B098-6824-46B7-BF26-685C1EB5615B}.Debug|Any CPU.Build.0 = Debug|Any CPU
		{2C18B098-6824-46B7-BF26-685C1EB5615B}.Release|Any CPU.ActiveCfg = Release|Any CPU
		{2C18B098-6824-46B7-BF26-685C1EB5615B}.Release|Any CPU.Build.0 = Release|Any CPU
	EndGlobalSection
	GlobalSection(SolutionProperties) = preSolution
		HideSolutionNode = FALSE
	EndGlobalSection
	GlobalSection(ExtensibilityGlobals) = postSolution
		SolutionGuid = {33BCEEFA-C490-49E7-8822-E24C06908166}
	EndGlobalSection
EndGlobal
