
Microsoft Visual Studio Solution File, Format Version 12.00
# Visual Studio Version 17
VisualStudioVersion = 17.4.33122.133
MinimumVisualStudioVersion = 10.0.40219.1
Project("{FAE04EC0-301F-11D3-BF4B-00C04F79EFBC}") = "CountriesQuizzes", "CountriesQuizzes\CountriesQuizzes.csproj", "{6DC30201-7803-4442-88A1-6E2D740921D5}"
EndProject
Global
	GlobalSection(SolutionConfigurationPlatforms) = preSolution
		Debug|Any CPU = Debug|Any CPU
		Release|Any CPU = Release|Any CPU
	EndGlobalSection
	GlobalSection(ProjectConfigurationPlatforms) = postSolution
		{6DC30201-7803-4442-88A1-6E2D740921D5}.Debug|Any CPU.ActiveCfg = Debug|Any CPU
		{6DC30201-7803-4442-88A1-6E2D740921D5}.Debug|Any CPU.Build.0 = Debug|Any CPU
		{6DC30201-7803-4442-88A1-6E2D740921D5}.Release|Any CPU.ActiveCfg = Release|Any CPU
		{6DC30201-7803-4442-88A1-6E2D740921D5}.Release|Any CPU.Build.0 = Release|Any CPU
	EndGlobalSection
	GlobalSection(SolutionProperties) = preSolution
		HideSolutionNode = FALSE
	EndGlobalSection
	GlobalSection(ExtensibilityGlobals) = postSolution
		SolutionGuid = {11DE1D8E-420B-43CB-9D8F-DB839A0479B9}
	EndGlobalSection
EndGlobal
