
Microsoft Visual Studio Solution File, Format Version 12.00
# Visual Studio Version 17
VisualStudioVersion = 17.4.33122.133
MinimumVisualStudioVersion = 10.0.40219.1
Project("{FAE04EC0-301F-11D3-BF4B-00C04F79EFBC}") = "NotePad", "NotePad\NotePad.csproj", "{512EB270-C366-4BE3-8E45-E99760C5ECA7}"
EndProject
Global
	GlobalSection(SolutionConfigurationPlatforms) = preSolution
		Debug|Any CPU = Debug|Any CPU
		Release|Any CPU = Release|Any CPU
	EndGlobalSection
	GlobalSection(ProjectConfigurationPlatforms) = postSolution
		{512EB270-C366-4BE3-8E45-E99760C5ECA7}.Debug|Any CPU.ActiveCfg = Debug|Any CPU
		{512EB270-C366-4BE3-8E45-E99760C5ECA7}.Debug|Any CPU.Build.0 = Debug|Any CPU
		{512EB270-C366-4BE3-8E45-E99760C5ECA7}.Release|Any CPU.ActiveCfg = Release|Any CPU
		{512EB270-C366-4BE3-8E45-E99760C5ECA7}.Release|Any CPU.Build.0 = Release|Any CPU
	EndGlobalSection
	GlobalSection(SolutionProperties) = preSolution
		HideSolutionNode = FALSE
	EndGlobalSection
	GlobalSection(ExtensibilityGlobals) = postSolution
		SolutionGuid = {88287BCD-276C-4264-95D3-D3F76A03E4D6}
	EndGlobalSection
EndGlobal
