
Microsoft Visual Studio Solution File, Format Version 12.00
# Visual Studio Version 17
VisualStudioVersion = 17.4.33122.133
MinimumVisualStudioVersion = 10.0.40219.1
Project("{FAE04EC0-301F-11D3-BF4B-00C04F79EFBC}") = "FontChange", "FontChange\FontChange.csproj", "{3A2043E8-3012-4D35-9649-E7A4FDD8CBDA}"
EndProject
Global
	GlobalSection(SolutionConfigurationPlatforms) = preSolution
		Debug|Any CPU = Debug|Any CPU
		Release|Any CPU = Release|Any CPU
	EndGlobalSection
	GlobalSection(ProjectConfigurationPlatforms) = postSolution
		{3A2043E8-3012-4D35-9649-E7A4FDD8CBDA}.Debug|Any CPU.ActiveCfg = Debug|Any CPU
		{3A2043E8-3012-4D35-9649-E7A4FDD8CBDA}.Debug|Any CPU.Build.0 = Debug|Any CPU
		{3A2043E8-3012-4D35-9649-E7A4FDD8CBDA}.Release|Any CPU.ActiveCfg = Release|Any CPU
		{3A2043E8-3012-4D35-9649-E7A4FDD8CBDA}.Release|Any CPU.Build.0 = Release|Any CPU
	EndGlobalSection
	GlobalSection(SolutionProperties) = preSolution
		HideSolutionNode = FALSE
	EndGlobalSection
	GlobalSection(ExtensibilityGlobals) = postSolution
		SolutionGuid = {0ECE613A-E0E1-40AB-B3FB-3B3E0631D092}
	EndGlobalSection
EndGlobal
