
Microsoft Visual Studio Solution File, Format Version 12.00
# Visual Studio Version 17
VisualStudioVersion = 17.4.33122.133
MinimumVisualStudioVersion = 10.0.40219.1
Project("{FAE04EC0-301F-11D3-BF4B-00C04F79EFBC}") = "FindinArray", "Poodman2\FindinArray.csproj", "{57A7B115-CC86-4B33-9EF3-2AAD3A318E26}"
EndProject
Global
	GlobalSection(SolutionConfigurationPlatforms) = preSolution
		Debug|Any CPU = Debug|Any CPU
		Release|Any CPU = Release|Any CPU
	EndGlobalSection
	GlobalSection(ProjectConfigurationPlatforms) = postSolution
		{57A7B115-CC86-4B33-9EF3-2AAD3A318E26}.Debug|Any CPU.ActiveCfg = Debug|Any CPU
		{57A7B115-CC86-4B33-9EF3-2AAD3A318E26}.Debug|Any CPU.Build.0 = Debug|Any CPU
		{57A7B115-CC86-4B33-9EF3-2AAD3A318E26}.Release|Any CPU.ActiveCfg = Release|Any CPU
		{57A7B115-CC86-4B33-9EF3-2AAD3A318E26}.Release|Any CPU.Build.0 = Release|Any CPU
	EndGlobalSection
	GlobalSection(SolutionProperties) = preSolution
		HideSolutionNode = FALSE
	EndGlobalSection
	GlobalSection(ExtensibilityGlobals) = postSolution
		SolutionGuid = {E3412608-6C47-4EE9-B1C6-AC77C02D99BB}
	EndGlobalSection
EndGlobal
