
Microsoft Visual Studio Solution File, Format Version 12.00
# Visual Studio Version 17
VisualStudioVersion = 17.4.33122.133
MinimumVisualStudioVersion = 10.0.40219.1
Project("{FAE04EC0-301F-11D3-BF4B-00C04F79EFBC}") = "MessagesBox", "MessagesBox\MessagesBox.csproj", "{647DF6EC-B12E-4FC2-9D3C-B0A419BDCD9B}"
EndProject
Global
	GlobalSection(SolutionConfigurationPlatforms) = preSolution
		Debug|Any CPU = Debug|Any CPU
		Release|Any CPU = Release|Any CPU
	EndGlobalSection
	GlobalSection(ProjectConfigurationPlatforms) = postSolution
		{647DF6EC-B12E-4FC2-9D3C-B0A419BDCD9B}.Debug|Any CPU.ActiveCfg = Debug|Any CPU
		{647DF6EC-B12E-4FC2-9D3C-B0A419BDCD9B}.Debug|Any CPU.Build.0 = Debug|Any CPU
		{647DF6EC-B12E-4FC2-9D3C-B0A419BDCD9B}.Release|Any CPU.ActiveCfg = Release|Any CPU
		{647DF6EC-B12E-4FC2-9D3C-B0A419BDCD9B}.Release|Any CPU.Build.0 = Release|Any CPU
	EndGlobalSection
	GlobalSection(SolutionProperties) = preSolution
		HideSolutionNode = FALSE
	EndGlobalSection
	GlobalSection(ExtensibilityGlobals) = postSolution
		SolutionGuid = {9870625E-FA23-441C-A069-308CE8C80C8B}
	EndGlobalSection
EndGlobal
