
Microsoft Visual Studio Solution File, Format Version 12.00
# Visual Studio Version 17
VisualStudioVersion = 17.4.33122.133
MinimumVisualStudioVersion = 10.0.40219.1
Project("{FAE04EC0-301F-11D3-BF4B-00C04F79EFBC}") = "Programming Sweet", "Programming Sweet\Programming Sweet.csproj", "{DDBBFF03-C0E8-4CED-A05E-17DBB286F0A3}"
EndProject
Global
	GlobalSection(SolutionConfigurationPlatforms) = preSolution
		Debug|Any CPU = Debug|Any CPU
		Release|Any CPU = Release|Any CPU
	EndGlobalSection
	GlobalSection(ProjectConfigurationPlatforms) = postSolution
		{DDBBFF03-C0E8-4CED-A05E-17DBB286F0A3}.Debug|Any CPU.ActiveCfg = Debug|Any CPU
		{DDBBFF03-C0E8-4CED-A05E-17DBB286F0A3}.Debug|Any CPU.Build.0 = Debug|Any CPU
		{DDBBFF03-C0E8-4CED-A05E-17DBB286F0A3}.Release|Any CPU.ActiveCfg = Release|Any CPU
		{DDBBFF03-C0E8-4CED-A05E-17DBB286F0A3}.Release|Any CPU.Build.0 = Release|Any CPU
	EndGlobalSection
	GlobalSection(SolutionProperties) = preSolution
		HideSolutionNode = FALSE
	EndGlobalSection
	GlobalSection(ExtensibilityGlobals) = postSolution
		SolutionGuid = {DC0F84F3-E0EA-4B88-B93B-7B2F1465F655}
	EndGlobalSection
EndGlobal
