
Microsoft Visual Studio Solution File, Format Version 12.00
# Visual Studio Version 17
VisualStudioVersion = 17.4.33122.133
MinimumVisualStudioVersion = 10.0.40219.1
Project("{FAE04EC0-301F-11D3-BF4B-00C04F79EFBC}") = "PhotoViewer", "PhotoViewer\PhotoViewer.csproj", "{2C124629-4A2B-4041-8F5C-CC175EDCA498}"
EndProject
Global
	GlobalSection(SolutionConfigurationPlatforms) = preSolution
		Debug|Any CPU = Debug|Any CPU
		Release|Any CPU = Release|Any CPU
	EndGlobalSection
	GlobalSection(ProjectConfigurationPlatforms) = postSolution
		{2C124629-4A2B-4041-8F5C-CC175EDCA498}.Debug|Any CPU.ActiveCfg = Debug|Any CPU
		{2C124629-4A2B-4041-8F5C-CC175EDCA498}.Debug|Any CPU.Build.0 = Debug|Any CPU
		{2C124629-4A2B-4041-8F5C-CC175EDCA498}.Release|Any CPU.ActiveCfg = Release|Any CPU
		{2C124629-4A2B-4041-8F5C-CC175EDCA498}.Release|Any CPU.Build.0 = Release|Any CPU
	EndGlobalSection
	GlobalSection(SolutionProperties) = preSolution
		HideSolutionNode = FALSE
	EndGlobalSection
	GlobalSection(ExtensibilityGlobals) = postSolution
		SolutionGuid = {6C7F75BB-BAEA-4C7F-9659-F8D390105736}
	EndGlobalSection
EndGlobal
