
Microsoft Visual Studio Solution File, Format Version 12.00
# Visual Studio Version 17
VisualStudioVersion = 17.4.33122.133
MinimumVisualStudioVersion = 10.0.40219.1
Project("{FAE04EC0-301F-11D3-BF4B-00C04F79EFBC}") = "CarMovement", "CarMovement\CarMovement.csproj", "{8AE4F684-8738-4CB8-A9EC-8FF35B450FB8}"
EndProject
Global
	GlobalSection(SolutionConfigurationPlatforms) = preSolution
		Debug|Any CPU = Debug|Any CPU
		Release|Any CPU = Release|Any CPU
	EndGlobalSection
	GlobalSection(ProjectConfigurationPlatforms) = postSolution
		{8AE4F684-8738-4CB8-A9EC-8FF35B450FB8}.Debug|Any CPU.ActiveCfg = Debug|Any CPU
		{8AE4F684-8738-4CB8-A9EC-8FF35B450FB8}.Debug|Any CPU.Build.0 = Debug|Any CPU
		{8AE4F684-8738-4CB8-A9EC-8FF35B450FB8}.Release|Any CPU.ActiveCfg = Release|Any CPU
		{8AE4F684-8738-4CB8-A9EC-8FF35B450FB8}.Release|Any CPU.Build.0 = Release|Any CPU
	EndGlobalSection
	GlobalSection(SolutionProperties) = preSolution
		HideSolutionNode = FALSE
	EndGlobalSection
	GlobalSection(ExtensibilityGlobals) = postSolution
		SolutionGuid = {377CB564-08D0-4479-97DE-4FF392F9F615}
	EndGlobalSection
EndGlobal
