
Microsoft Visual Studio Solution File, Format Version 12.00
# Visual Studio Version 17
VisualStudioVersion = 17.4.33122.133
MinimumVisualStudioVersion = 10.0.40219.1
Project("{FAE04EC0-301F-11D3-BF4B-00C04F79EFBC}") = "CursorPosition", "CursorPosition\CursorPosition.csproj", "{28490B92-0CA5-4366-9EF7-418F0380EFA3}"
EndProject
Global
	GlobalSection(SolutionConfigurationPlatforms) = preSolution
		Debug|Any CPU = Debug|Any CPU
		Release|Any CPU = Release|Any CPU
	EndGlobalSection
	GlobalSection(ProjectConfigurationPlatforms) = postSolution
		{28490B92-0CA5-4366-9EF7-418F0380EFA3}.Debug|Any CPU.ActiveCfg = Debug|Any CPU
		{28490B92-0CA5-4366-9EF7-418F0380EFA3}.Debug|Any CPU.Build.0 = Debug|Any CPU
		{28490B92-0CA5-4366-9EF7-418F0380EFA3}.Release|Any CPU.ActiveCfg = Release|Any CPU
		{28490B92-0CA5-4366-9EF7-418F0380EFA3}.Release|Any CPU.Build.0 = Release|Any CPU
	EndGlobalSection
	GlobalSection(SolutionProperties) = preSolution
		HideSolutionNode = FALSE
	EndGlobalSection
	GlobalSection(ExtensibilityGlobals) = postSolution
		SolutionGuid = {54A16897-0534-4A9B-A443-212FDC148D44}
	EndGlobalSection
EndGlobal
