
Microsoft Visual Studio Solution File, Format Version 11.00
# Visual Studio 2010
# SharpDevelop 4.4
Project("{FAE04EC0-301F-11D3-BF4B-00C04F79EFBC}") = "Math Game", "Math Game\Math Game.csproj", "{E51058A6-B9BB-490F-9928-2ED5E0FB65F8}"
EndProject
Global
	GlobalSection(SolutionConfigurationPlatforms) = preSolution
		Debug|Any CPU = Debug|Any CPU
		Release|Any CPU = Release|Any CPU
	EndGlobalSection
	GlobalSection(ProjectConfigurationPlatforms) = postSolution
		{E51058A6-B9BB-490F-9928-2ED5E0FB65F8}.Debug|Any CPU.Build.0 = Debug|Any CPU
		{E51058A6-B9BB-490F-9928-2ED5E0FB65F8}.Debug|Any CPU.ActiveCfg = Debug|Any CPU
		{E51058A6-B9BB-490F-9928-2ED5E0FB65F8}.Release|Any CPU.Build.0 = Release|Any CPU
		{E51058A6-B9BB-490F-9928-2ED5E0FB65F8}.Release|Any CPU.ActiveCfg = Release|Any CPU
	EndGlobalSection
EndGlobal
